<?xml version="1.0" encoding="utf-8"?>
<Project ToolsVersion="4.0" xmlns="http://schemas.microsoft.com/developer/msbuild/2003">
  <ItemGroup>
    <Filter Include="Source Files">
      <UniqueIdentifier>{4FC737F1-C7A5-4376-A066-2A32D752A2FF}</UniqueIdentifier>
      <Extensions>cpp;c;cc;cxx;c++;cppm;ixx;def;odl;idl;hpj;bat;asm;asmx</Extensions>
    </Filter>
    <Filter Include="Header Files">
      <UniqueIdentifier>{93995380-89BD-4b04-88EB-625FBE52EBFB}</UniqueIdentifier>
      <Extensions>h;hh;hpp;hxx;h++;hm;inl;inc;ipp;xsd</Extensions>
    </Filter>
    <Filter Include="Resource Files">
      <UniqueIdentifier>{67DA6AB6-F800-4c08-8B7A-83BB121AAD01}</UniqueIdentifier>
      <Extensions>rc;ico;cur;bmp;dlg;rc2;rct;bin;rgs;gif;jpg;jpeg;jpe;resx;tiff;tif;png;wav;mfcribbon-ms</Extensions>
    </Filter>
    <Filter Include="Header Files\Component">
      <UniqueIdentifier>{357ab4f8-9abd-4afd-8865-6e49a94e7629}</UniqueIdentifier>
    </Filter>
    <Filter Include="Source Files\Component">
      <UniqueIdentifier>{3d2eb793-01c8-42c9-9c35-b8fe1e6da01c}</UniqueIdentifier>
    </Filter>
    <Filter Include="Header Files\dataStructure">
      <UniqueIdentifier>{ab83ae5d-e061-442e-b3f8-32eb49315c0b}</UniqueIdentifier>
    </Filter>
    <Filter Include="Source Files\dataStructure">
      <UniqueIdentifier>{159b9547-9a56-498e-adf5-e5e61828c4a2}</UniqueIdentifier>
    </Filter>
    <Filter Include="Source Files\util">
      <UniqueIdentifier>{16e65b3f-669c-46c6-b5f6-e33a89ff4076}</UniqueIdentifier>
    </Filter>
    <Filter Include="Header Files\util">
      <UniqueIdentifier>{ed09aee5-76e1-4626-a1ad-d783fc8cf123}</UniqueIdentifier>
    </Filter>
    <Filter Include="Header Files\core">
      <UniqueIdentifier>{31f29b32-d867-4ad2-bace-b351a55df8ac}</UniqueIdentifier>
    </Filter>
    <Filter Include="Source Files\core">
      <UniqueIdentifier>{bd992a5f-863e-4b2b-af04-c8034a8fc4c7}</UniqueIdentifier>
    </Filter>
  </ItemGroup>
  <ItemGroup>
    <ClInclude Include="BoxBounds.h">
      <Filter>Header Files\Component</Filter>
    </ClInclude>
    <ClInclude Include="Transform.h">
      <Filter>Header Files\dataStructure</Filter>
    </ClInclude>
    <ClInclude Include="AssetPool.h">
      <Filter>Header Files\dataStructure</Filter>
    </ClInclude>
    <ClInclude Include="Sprite.h">
      <Filter>Header Files\Component</Filter>
    </ClInclude>
    <ClInclude Include="ImageLoading.h">
      <Filter>Header Files\util</Filter>
    </ClInclude>
    <ClInclude Include="Game.h">
      <Filter>Header Files\core</Filter>
    </ClInclude>
    <ClInclude Include="GameObject.h">
      <Filter>Header Files\core</Filter>
    </ClInclude>
    <ClInclude Include="Component.h">
      <Filter>Header Files\core</Filter>
    </ClInclude>
    <ClInclude Include="Player.h">
      <Filter>Header Files\Component</Filter>
    </ClInclude>
    <ClInclude Include="Spritesheet.h">
      <Filter>Header Files\Component</Filter>
    </ClInclude>
    <ClInclude Include="Scene.h">
      <Filter>Header Files\core</Filter>
    </ClInclude>
    <ClInclude Include="LevelEditorScene.h">
      <Filter>Header Files\core</Filter>
    </ClInclude>
    <ClInclude Include="Shader.h">
      <Filter>Header Files\core</Filter>
    </ClInclude>
    <ClInclude Include="Camera.h">
      <Filter>Header Files\core</Filter>
    </ClInclude>
    <ClInclude Include="Renderer.h">
      <Filter>Header Files\core</Filter>
    </ClInclude>
  </ItemGroup>
  <ItemGroup>
    <ClCompile Include="main.cpp">
      <Filter>Source Files</Filter>
    </ClCompile>
    <ClCompile Include="glad.c">
      <Filter>Source Files</Filter>
    </ClCompile>
    <ClCompile Include="BoxBounds.cpp">
      <Filter>Source Files\Component</Filter>
    </ClCompile>
    <ClCompile Include="Transform.cpp">
      <Filter>Source Files\dataStructure</Filter>
    </ClCompile>
    <ClCompile Include="AssetPool.cpp">
      <Filter>Source Files\dataStructure</Filter>
    </ClCompile>
    <ClCompile Include="Sprite.cpp">
      <Filter>Source Files\Component</Filter>
    </ClCompile>
    <ClCompile Include="ImageLoading.cpp">
      <Filter>Source Files\util</Filter>
    </ClCompile>
    <ClCompile Include="Game.cpp">
      <Filter>Source Files\core</Filter>
    </ClCompile>
    <ClCompile Include="GameObject.cpp">
      <Filter>Source Files\core</Filter>
    </ClCompile>
    <ClCompile Include="Spritesheet.cpp">
      <Filter>Source Files\Component</Filter>
    </ClCompile>
    <ClCompile Include="Player.cpp">
      <Filter>Source Files\Component</Filter>
    </ClCompile>
    <ClCompile Include="LevelEditorScene.cpp">
      <Filter>Source Files\core</Filter>
    </ClCompile>
    <ClCompile Include="Shader.cpp">
      <Filter>Source Files\core</Filter>
    </ClCompile>
    <ClCompile Include="Renderer.cpp">
      <Filter>Source Files\core</Filter>
    </ClCompile>
  </ItemGroup>
</Project>